github.com/aaronize/module-essai v0.0.0-20200119032749-dca8fe2291b6 h1:HPJYhgtjpET9cKjxvzMX356GMB7X/DFtpmR3o7Y4/3k=
github.com/aaronize/module-essai v0.0.0-20200119032749-dca8fe2291b6/go.mod h1:K3Tz8pAk9vwHIvMGFPW7t665uqzwUW5FzW7GQuZeB9s=
github.com/aaronize/module-essai v1.0.0 h1:eo34uJlkum0mrHHEVWxpg26+70SndUO7ycnsv43nh4c=
github.com/aaronize/module-essai v1.0.0/go.mod h1:K3Tz8pAk9vwHIvMGFPW7t665uqzwUW5FzW7GQuZeB9s=
